
Microsoft Visual Studio Solution File, Format Version 12.00
# Visual Studio 15
VisualStudioVersion = 15.0.27703.2042
MinimumVisualStudioVersion = 10.0.40219.1
Project("{FAE04EC0-301F-11D3-BF4B-00C04F79EFBC}") = "Containers", "Containers\Containers.csproj", "{79E6E6A3-01FF-421F-A15B-B7234D38E936}"
EndProject
Global
	GlobalSection(SolutionConfigurationPlatforms) = preSolution
		Debug|Any CPU = Debug|Any CPU
		Release|Any CPU = Release|Any CPU
	EndGlobalSection
	GlobalSection(ProjectConfigurationPlatforms) = postSolution
		{79E6E6A3-01FF-421F-A15B-B7234D38E936}.Debug|Any CPU.ActiveCfg = Debug|Any CPU
		{79E6E6A3-01FF-421F-A15B-B7234D38E936}.Debug|Any CPU.Build.0 = Debug|Any CPU
		{79E6E6A3-01FF-421F-A15B-B7234D38E936}.Release|Any CPU.ActiveCfg = Release|Any CPU
		{79E6E6A3-01FF-421F-A15B-B7234D38E936}.Release|Any CPU.Build.0 = Release|Any CPU
	EndGlobalSection
	GlobalSection(SolutionProperties) = preSolution
		HideSolutionNode = FALSE
	EndGlobalSection
	GlobalSection(ExtensibilityGlobals) = postSolution
		SolutionGuid = {F9F8B548-D447-422B-ABD3-846C1F3B66E3}
	EndGlobalSection
EndGlobal
